// !$*UTF8*$!
{
	archiveVersion = 1;
	classes = {
	};
	objectVersion = 46;
	objects = {

/* Begin PBXBuildFile section */
		734EF6121CB0BFE600B22B77 /* AppDelegate.swift in Sources */ = {isa = PBXBuildFile; fileRef = 734EF6111CB0BFE600B22B77 /* AppDelegate.swift */; };
		734EF6141CB0BFE600B22B77 /* ViewController.swift in Sources */ = {isa = PBXBuildFile; fileRef = 734EF6131CB0BFE600B22B77 /* ViewController.swift */; };
		734EF6171CB0BFE600B22B77 /* Main.storyboard in Resources */ = {isa = PBXBuildFile; fileRef = 734EF6151CB0BFE600B22B77 /* Main.storyboard */; };
		734EF61A1CB0BFE600B22B77 /* Recipes.xcdatamodeld in Sources */ = {isa = PBXBuildFile; fileRef = 734EF6181CB0BFE600B22B77 /* Recipes.xcdatamodeld */; };
		734EF61C1CB0BFE600B22B77 /* Assets.xcassets in Resources */ = {isa = PBXBuildFile; fileRef = 734EF61B1CB0BFE600B22B77 /* Assets.xcassets */; };
		734EF61F1CB0BFE600B22B77 /* LaunchScreen.storyboard in Resources */ = {isa = PBXBuildFile; fileRef = 734EF61D1CB0BFE600B22B77 /* LaunchScreen.storyboard */; };
		734EF62A1CB0BFE600B22B77 /* RecipesTests.swift in Sources */ = {isa = PBXBuildFile; fileRef = 734EF6291CB0BFE600B22B77 /* RecipesTests.swift */; };
		734EF6351CB0BFE600B22B77 /* RecipesUITests.swift in Sources */ = {isa = PBXBuildFile; fileRef = 734EF6341CB0BFE600B22B77 /* RecipesUITests.swift */; };
/* End PBXBuildFile section */

/* Begin PBXContainerItemProxy section */
		734EF6261CB0BFE600B22B77 /* PBXContainerItemProxy */ = {
			isa = PBXContainerItemProxy;
			containerPortal = 734EF6061CB0BFE600B22B77 /* Project object */;
			proxyType = 1;
			remoteGlobalIDString = 734EF60D1CB0BFE600B22B77;
			remoteInfo = Recipes;
		};
		734EF6311CB0BFE600B22B77 /* PBXContainerItemProxy */ = {
			isa = PBXContainerItemProxy;
			containerPortal = 734EF6061CB0BFE600B22B77 /* Project object */;
			proxyType = 1;
			remoteGlobalIDString = 734EF60D1CB0BFE600B22B77;
			remoteInfo = Recipes;
		};
/* End PBXContainerItemProxy section */

/* Begin PBXFileReference section */
		734EF60E1CB0BFE600B22B77 /* Recipes.app */ = {isa = PBXFileReference; explicitFileType = wrapper.application; includeInIndex = 0; path = Recipes.app; sourceTree = BUILT_PRODUCTS_DIR; };
		734EF6111CB0BFE600B22B77 /* AppDelegate.swift */ = {isa = PBXFileReference; lastKnownFileType = sourcecode.swift; path = AppDelegate.swift; sourceTree = "<group>"; };
		734EF6131CB0BFE600B22B77 /* ViewController.swift */ = {isa = PBXFileReference; lastKnownFileType = sourcecode.swift; path = ViewController.swift; sourceTree = "<group>"; };
		734EF6161CB0BFE600B22B77 /* Base */ = {isa = PBXFileReference; lastKnownFileType = file.storyboard; name = Base; path = Base.lproj/Main.storyboard; sourceTree = "<group>"; };
		734EF6191CB0BFE600B22B77 /* Recipes.xcdatamodel */ = {isa = PBXFileReference; lastKnownFileType = wrapper.xcdatamodel; path = Recipes.xcdatamodel; sourceTree = "<group>"; };
		734EF61B1CB0BFE600B22B77 /* Assets.xcassets */ = {isa = PBXFileReference; lastKnownFileType = folder.assetcatalog; path = Assets.xcassets; sourceTree = "<group>"; };
		734EF61E1CB0BFE600B22B77 /* Base */ = {isa = PBXFileReference; lastKnownFileType = file.storyboard; name = Base; path = Base.lproj/LaunchScreen.storyboard; sourceTree = "<group>"; };
		734EF6201CB0BFE600B22B77 /* Info.plist */ = {isa = PBXFileReference; lastKnownFileType = text.plist.xml; path = Info.plist; sourceTree = "<group>"; };
		734EF6251CB0BFE600B22B77 /* RecipesTests.xctest */ = {isa = PBXFileReference; explicitFileType = wrapper.cfbundle; includeInIndex = 0; path = RecipesTests.xctest; sourceTree = BUILT_PRODUCTS_DIR; };
		734EF6291CB0BFE600B22B77 /* RecipesTests.swift */ = {isa = PBXFileReference; lastKnownFileType = sourcecode.swift; path = RecipesTests.swift; sourceTree = "<group>"; };
		734EF62B1CB0BFE600B22B77 /* Info.plist */ = {isa = PBXFileReference; lastKnownFileType = text.plist.xml; path = Info.plist; sourceTree = "<group>"; };
		734EF6301CB0BFE600B22B77 /* RecipesUITests.xctest */ = {isa = PBXFileReference; explicitFileType = wrapper.cfbundle; includeInIndex = 0; path = RecipesUITests.xctest; sourceTree = BUILT_PRODUCTS_DIR; };
		734EF6341CB0BFE600B22B77 /* RecipesUITests.swift */ = {isa = PBXFileReference; lastKnownFileType = sourcecode.swift; path = RecipesUITests.swift; sourceTree = "<group>"; };
		734EF6361CB0BFE600B22B77 /* Info.plist */ = {isa = PBXFileReference; lastKnownFileType = text.plist.xml; path = Info.plist; sourceTree = "<group>"; };
/* End PBXFileReference section */

/* Begin PBXFrameworksBuildPhase section */
		734EF60B1CB0BFE600B22B77 /* Frameworks */ = {
			isa = PBXFrameworksBuildPhase;
			buildActionMask = 2147483647;
			files = (
			);
			runOnlyForDeploymentPostprocessing = 0;
		};
		734EF6221CB0BFE600B22B77 /* Frameworks */ = {
			isa = PBXFrameworksBuildPhase;
			buildActionMask = 2147483647;
			files = (
			);
			runOnlyForDeploymentPostprocessing = 0;
		};
		734EF62D1CB0BFE600B22B77 /* Frameworks */ = {
			isa = PBXFrameworksBuildPhase;
			buildActionMask = 2147483647;
			files = (
			);
			runOnlyForDeploymentPostprocessing = 0;
		};
/* End PBXFrameworksBuildPhase section */

/* Begin PBXGroup section */
		734EF6051CB0BFE600B22B77 = {
			isa = PBXGroup;
			children = (
				734EF6101CB0BFE600B22B77 /* Recipes */,
				734EF6281CB0BFE600B22B77 /* RecipesTests */,
				734EF6331CB0BFE600B22B77 /* RecipesUITests */,
				734EF60F1CB0BFE600B22B77 /* Products */,
			);
			sourceTree = "<group>";
		};
		734EF60F1CB0BFE600B22B77 /* Products */ = {
			isa = PBXGroup;
			children = (
				734EF60E1CB0BFE600B22B77 /* Recipes.app */,
				734EF6251CB0BFE600B22B77 /* RecipesTests.xctest */,
				734EF6301CB0BFE600B22B77 /* RecipesUITests.xctest */,
			);
			name = Products;
			sourceTree = "<group>";
		};
		734EF6101CB0BFE600B22B77 /* Recipes */ = {
			isa = PBXGroup;
			children = (
				734EF6111CB0BFE600B22B77 /* AppDelegate.swift */,
				734EF6131CB0BFE600B22B77 /* ViewController.swift */,
				734EF6151CB0BFE600B22B77 /* Main.storyboard */,
				734EF61B1CB0BFE600B22B77 /* Assets.xcassets */,
				734EF61D1CB0BFE600B22B77 /* LaunchScreen.storyboard */,
				734EF6201CB0BFE600B22B77 /* Info.plist */,
				734EF6181CB0BFE600B22B77 /* Recipes.xcdatamodeld */,
			);
			path = Recipes;
			sourceTree = "<group>";
		};
		734EF6281CB0BFE600B22B77 /* RecipesTests */ = {
			isa = PBXGroup;
			children = (
				734EF6291CB0BFE600B22B77 /* RecipesTests.swift */,
				734EF62B1CB0BFE600B22B77 /* Info.plist */,
			);
			path = RecipesTests;
			sourceTree = "<group>";
		};
		734EF6331CB0BFE600B22B77 /* RecipesUITests */ = {
			isa = PBXGroup;
			children = (
				734EF6341CB0BFE600B22B77 /* RecipesUITests.swift */,
				734EF6361CB0BFE600B22B77 /* Info.plist */,
			);
			path = RecipesUITests;
			sourceTree = "<group>";
		};
/* End PBXGroup section */

/* Begin PBXNativeTarget section */
		734EF60D1CB0BFE600B22B77 /* Recipes */ = {
			isa = PBXNativeTarget;
			buildConfigurationList = 734EF6391CB0BFE600B22B77 /* Build configuration list for PBXNativeTarget "Recipes" */;
			buildPhases = (
				734EF60A1CB0BFE600B22B77 /* Sources */,
				734EF60B1CB0BFE600B22B77 /* Frameworks */,
				734EF60C1CB0BFE600B22B77 /* Resources */,
			);
			buildRules = (
			);
			dependencies = (
			);
			name = Recipes;
			productName = Recipes;
			productReference = 734EF60E1CB0BFE600B22B77 /* Recipes.app */;
			productType = "com.apple.product-type.application";
		};
		734EF6241CB0BFE600B22B77 /* RecipesTests */ = {
			isa = PBXNativeTarget;
			buildConfigurationList = 734EF63C1CB0BFE600B22B77 /* Build configuration list for PBXNativeTarget "RecipesTests" */;
			buildPhases = (
				734EF6211CB0BFE600B22B77 /* Sources */,
				734EF6221CB0BFE600B22B77 /* Frameworks */,
				734EF6231CB0BFE600B22B77 /* Resources */,
			);
			buildRules = (
			);
			dependencies = (
				734EF6271CB0BFE600B22B77 /* PBXTargetDependency */,
			);
			name = RecipesTests;
			productName = RecipesTests;
			productReference = 734EF6251CB0BFE600B22B77 /* RecipesTests.xctest */;
			productType = "com.apple.product-type.bundle.unit-test";
		};
		734EF62F1CB0BFE600B22B77 /* RecipesUITests */ = {
			isa = PBXNativeTarget;
			buildConfigurationList = 734EF63F1CB0BFE600B22B77 /* Build configuration list for PBXNativeTarget "RecipesUITests" */;
			buildPhases = (
				734EF62C1CB0BFE600B22B77 /* Sources */,
				734EF62D1CB0BFE600B22B77 /* Frameworks */,
				734EF62E1CB0BFE600B22B77 /* Resources */,
			);
			buildRules = (
			);
			dependencies = (
				734EF6321CB0BFE600B22B77 /* PBXTargetDependency */,
			);
			name = RecipesUITests;
			productName = RecipesUITests;
			productReference = 734EF6301CB0BFE600B22B77 /* RecipesUITests.xctest */;
			productType = "com.apple.product-type.bundle.ui-testing";
		};
/* End PBXNativeTarget section */

/* Begin PBXProject section */
		734EF6061CB0BFE600B22B77 /* Project object */ = {
			isa = PBXProject;
			attributes = {
				LastSwiftUpdateCheck = 0730;
				LastUpgradeCheck = 0730;
				ORGANIZATIONNAME = "Dan Seethaler";
				TargetAttributes = {
					734EF60D1CB0BFE600B22B77 = {
						CreatedOnToolsVersion = 7.3;
					};
					734EF6241CB0BFE600B22B77 = {
						CreatedOnToolsVersion = 7.3;
						TestTargetID = 734EF60D1CB0BFE600B22B77;
					};
					734EF62F1CB0BFE600B22B77 = {
						CreatedOnToolsVersion = 7.3;
						TestTargetID = 734EF60D1CB0BFE600B22B77;
					};
				};
			};
			buildConfigurationList = 734EF6091CB0BFE600B22B77 /* Build configuration list for PBXProject "Recipes" */;
			compatibilityVersion = "Xcode 3.2";
			developmentRegion = English;
			hasScannedForEncodings = 0;
			knownRegions = (
				en,
				Base,
			);
			mainGroup = 734EF6051CB0BFE600B22B77;
			productRefGroup = 734EF60F1CB0BFE600B22B77 /* Products */;
			projectDirPath = "";
			projectRoot = "";
			targets = (
				734EF60D1CB0BFE600B22B77 /* Recipes */,
				734EF6241CB0BFE600B22B77 /* RecipesTests */,
				734EF62F1CB0BFE600B22B77 /* RecipesUITests */,
			);
		};
/* End PBXProject section */

/* Begin PBXResourcesBuildPhase section */
		734EF60C1CB0BFE600B22B77 /* Resources */ = {
			isa = PBXResourcesBuildPhase;
			buildActionMask = 2147483647;
			files = (
				734EF61F1CB0BFE600B22B77 /* LaunchScreen.storyboard in Resources */,
				734EF61C1CB0BFE600B22B77 /* Assets.xcassets in Resources */,
				734EF6171CB0BFE600B22B77 /* Main.storyboard in Resources */,
			);
			runOnlyForDeploymentPostprocessing = 0;
		};
		734EF6231CB0BFE600B22B77 /* Resources */ = {
			isa = PBXResourcesBuildPhase;
			buildActionMask = 2147483647;
			files = (
			);
			runOnlyForDeploymentPostprocessing = 0;
		};
		734EF62E1CB0BFE600B22B77 /* Resources */ = {
			isa = PBXResourcesBuildPhase;
			buildActionMask = 2147483647;
			files = (
			);
			runOnlyForDeploymentPostprocessing = 0;
		};
/* End PBXResourcesBuildPhase section */

/* Begin PBXSourcesBuildPhase section */
		734EF60A1CB0BFE600B22B77 /* Sources */ = {
			isa = PBXSourcesBuildPhase;
			buildActionMask = 2147483647;
			files = (
				734EF6141CB0BFE600B22B77 /* ViewController.swift in Sources */,
				734EF6121CB0BFE600B22B77 /* AppDelegate.swift in Sources */,
				734EF61A1CB0BFE600B22B77 /* Recipes.xcdatamodeld in Sources */,
			);
			runOnlyForDeploymentPostprocessing = 0;
		};
		734EF6211CB0BFE600B22B77 /* Sources */ = {
			isa = PBXSourcesBuildPhase;
			buildActionMask = 2147483647;
			files = (
				734EF62A1CB0BFE600B22B77 /* RecipesTests.swift in Sources */,
			);
			runOnlyForDeploymentPostprocessing = 0;
		};
		734EF62C1CB0BFE600B22B77 /* Sources */ = {
			isa = PBXSourcesBuildPhase;
			buildActionMask = 2147483647;
			files = (
				734EF6351CB0BFE600B22B77 /* RecipesUITests.swift in Sources */,
			);
			runOnlyForDeploymentPostprocessing = 0;
		};
/* End PBXSourcesBuildPhase section */

/* Begin PBXTargetDependency section */
		734EF6271CB0BFE600B22B77 /* PBXTargetDependency */ = {
			isa = PBXTargetDependency;
			target = 734EF60D1CB0BFE600B22B77 /* Recipes */;
			targetProxy = 734EF6261CB0BFE600B22B77 /* PBXContainerItemProxy */;
		};
		734EF6321CB0BFE600B22B77 /* PBXTargetDependency */ = {
			isa = PBXTargetDependency;
			target = 734EF60D1CB0BFE600B22B77 /* Recipes */;
			targetProxy = 734EF6311CB0BFE600B22B77 /* PBXContainerItemProxy */;
		};
/* End PBXTargetDependency section */

/* Begin PBXVariantGroup section */
		734EF6151CB0BFE600B22B77 /* Main.storyboard */ = {
			isa = PBXVariantGroup;
			children = (
				734EF6161CB0BFE600B22B77 /* Base */,
			);
			name = Main.storyboard;
			sourceTree = "<group>";
		};
		734EF61D1CB0BFE600B22B77 /* LaunchScreen.storyboard */ = {
			isa = PBXVariantGroup;
			children = (
				734EF61E1CB0BFE600B22B77 /* Base */,
			);
			name = LaunchScreen.storyboard;
			sourceTree = "<group>";
		};
/* End PBXVariantGroup section */

/* Begin XCBuildConfiguration section */
		734EF6371CB0BFE600B22B77 /* Debug */ = {
			isa = XCBuildConfiguration;
			buildSettings = {
				ALWAYS_SEARCH_USER_PATHS = NO;
				CLANG_ANALYZER_NONNULL = YES;
				CLANG_CXX_LANGUAGE_STANDARD = "gnu++0x";
				CLANG_CXX_LIBRARY = "libc++";
				CLANG_ENABLE_MODULES = YES;
				CLANG_ENABLE_OBJC_ARC = YES;
				CLANG_WARN_BOOL_CONVERSION = YES;
				CLANG_WARN_CONSTANT_CONVERSION = YES;
				CLANG_WARN_DIRECT_OBJC_ISA_USAGE = YES_ERROR;
				CLANG_WARN_EMPTY_BODY = YES;
				CLANG_WARN_ENUM_CONVERSION = YES;
				CLANG_WARN_INT_CONVERSION = YES;
				CLANG_WARN_OBJC_ROOT_CLASS = YES_ERROR;
				CLANG_WARN_UNREACHABLE_CODE = YES;
				CLANG_WARN__DUPLICATE_METHOD_MATCH = YES;
				"CODE_SIGN_IDENTITY[sdk=iphoneos*]" = "iPhone Developer";
				COPY_PHASE_STRIP = NO;
				DEBUG_INFORMATION_FORMAT = dwarf;
				ENABLE_STRICT_OBJC_MSGSEND = YES;
				ENABLE_TESTABILITY = YES;
				GCC_C_LANGUAGE_STANDARD = gnu99;
				GCC_DYNAMIC_NO_PIC = NO;
				GCC_NO_COMMON_BLOCKS = YES;
				GCC_OPTIMIZATION_LEVEL = 0;
				GCC_PREPROCESSOR_DEFINITIONS = (
					"DEBUG=1",
					"$(inherited)",
				);
				GCC_WARN_64_TO_32_BIT_CONVERSION = YES;
				GCC_WARN_ABOUT_RETURN_TYPE = YES_ERROR;
				GCC_WARN_UNDECLARED_SELECTOR = YES;
				GCC_WARN_UNINITIALIZED_AUTOS = YES_AGGRESSIVE;
				GCC_WARN_UNUSED_FUNCTION = YES;
				GCC_WARN_UNUSED_VARIABLE = YES;
				IPHONEOS_DEPLOYMENT_TARGET = 9.3;
				MTL_ENABLE_DEBUG_INFO = YES;
				ONLY_ACTIVE_ARCH = YES;
				SDKROOT = iphoneos;
				SWIFT_OPTIMIZATION_LEVEL = "-Onone";
				TARGETED_DEVICE_FAMILY = "1,2";
			};
			name = Debug;
		};
		734EF6381CB0BFE600B22B77 /* Release */ = {
			isa = XCBuildConfiguration;
			buildSettings = {
				ALWAYS_SEARCH_USER_PATHS = NO;
				CLANG_ANALYZER_NONNULL = YES;
				CLANG_CXX_LANGUAGE_STANDARD = "gnu++0x";
				CLANG_CXX_LIBRARY = "libc++";
				CLANG_ENABLE_MODULES = YES;
				CLANG_ENABLE_OBJC_ARC = YES;
				CLANG_WARN_BOOL_CONVERSION = YES;
				CLANG_WARN_CONSTANT_CONVERSION = YES;
				CLANG_WARN_DIRECT_OBJC_ISA_USAGE = YES_ERROR;
				CLANG_WARN_EMPTY_BODY = YES;
				CLANG_WARN_ENUM_CONVERSION = YES;
				CLANG_WARN_INT_CONVERSION = YES;
				CLANG_WARN_OBJC_ROOT_CLASS = YES_ERROR;
				CLANG_WARN_UNREACHABLE_CODE = YES;
				CLANG_WARN__DUPLICATE_METHOD_MATCH = YES;
				"CODE_SIGN_IDENTITY[sdk=iphoneos*]" = "iPhone Developer";
				COPY_PHASE_STRIP = NO;
				DEBUG_INFORMATION_FORMAT = "dwarf-with-dsym";
				ENABLE_NS_ASSERTIONS = NO;
				ENABLE_STRICT_OBJC_MSGSEND = YES;
				GCC_C_LANGUAGE_STANDARD = gnu99;
				GCC_NO_COMMON_BLOCKS = YES;
				GCC_WARN_64_TO_32_BIT_CONVERSION = YES;
				GCC_WARN_ABOUT_RETURN_TYPE = YES_ERROR;
				GCC_WARN_UNDECLARED_SELECTOR = YES;
				GCC_WARN_UNINITIALIZED_AUTOS = YES_AGGRESSIVE;
				GCC_WARN_UNUSED_FUNCTION = YES;
				GCC_WARN_UNUSED_VARIABLE = YES;
				IPHONEOS_DEPLOYMENT_TARGET = 9.3;
				MTL_ENABLE_DEBUG_INFO = NO;
				SDKROOT = iphoneos;
				TARGETED_DEVICE_FAMILY = "1,2";
				VALIDATE_PRODUCT = YES;
			};
			name = Release;
		};
		734EF63A1CB0BFE600B22B77 /* Debug */ = {
			isa = XCBuildConfiguration;
			buildSettings = {
				ASSETCATALOG_COMPILER_APPICON_NAME = AppIcon;
				INFOPLIST_FILE = Recipes/Info.plist;
				LD_RUNPATH_SEARCH_PATHS = "$(inherited) @executable_path/Frameworks";
				PRODUCT_BUNDLE_IDENTIFIER = com.thedomestichusband.Recipes;
				PRODUCT_NAME = "$(TARGET_NAME)";
			};
			name = Debug;
		};
		734EF63B1CB0BFE600B22B77 /* Release */ = {
			isa = XCBuildConfiguration;
			buildSettings = {
				ASSETCATALOG_COMPILER_APPICON_NAME = AppIcon;
				INFOPLIST_FILE = Recipes/Info.plist;
				LD_RUNPATH_SEARCH_PATHS = "$(inherited) @executable_path/Frameworks";
				PRODUCT_BUNDLE_IDENTIFIER = com.thedomestichusband.Recipes;
				PRODUCT_NAME = "$(TARGET_NAME)";
			};
			name = Release;
		};
		734EF63D1CB0BFE600B22B77 /* Debug */ = {
			isa = XCBuildConfiguration;
			buildSettings = {
				BUNDLE_LOADER = "$(TEST_HOST)";
				INFOPLIST_FILE = RecipesTests/Info.plist;
				LD_RUNPATH_SEARCH_PATHS = "$(inherited) @executable_path/Frameworks @loader_path/Frameworks";
				PRODUCT_BUNDLE_IDENTIFIER = com.thedomestichusband.RecipesTests;
				PRODUCT_NAME = "$(TARGET_NAME)";
				TEST_HOST = "$(BUILT_PRODUCTS_DIR)/Recipes.app/Recipes";
			};
			name = Debug;
		};
		734EF63E1CB0BFE600B22B77 /* Release */ = {
			isa = XCBuildConfiguration;
			buildSettings = {
				BUNDLE_LOADER = "$(TEST_HOST)";
				INFOPLIST_FILE = RecipesTests/Info.plist;
				LD_RUNPATH_SEARCH_PATHS = "$(inherited) @executable_path/Frameworks @loader_path/Frameworks";
				PRODUCT_BUNDLE_IDENTIFIER = com.thedomestichusband.RecipesTests;
				PRODUCT_NAME = "$(TARGET_NAME)";
				TEST_HOST = "$(BUILT_PRODUCTS_DIR)/Recipes.app/Recipes";
			};
			name = Release;
		};
		734EF6401CB0BFE600B22B77 /* Debug */ = {
			isa = XCBuildConfiguration;
			buildSettings = {
				INFOPLIST_FILE = RecipesUITests/Info.plist;
				LD_RUNPATH_SEARCH_PATHS = "$(inherited) @executable_path/Frameworks @loader_path/Frameworks";
				PRODUCT_BUNDLE_IDENTIFIER = com.thedomestichusband.RecipesUITests;
				PRODUCT_NAME = "$(TARGET_NAME)";
				TEST_TARGET_NAME = Recipes;
			};
			name = Debug;
		};
		734EF6411CB0BFE600B22B77 /* Release */ = {
			isa = XCBuildConfiguration;
			buildSettings = {
				INFOPLIST_FILE = RecipesUITests/Info.plist;
				LD_RUNPATH_SEARCH_PATHS = "$(inherited) @executable_path/Frameworks @loader_path/Frameworks";
				PRODUCT_BUNDLE_IDENTIFIER = com.thedomestichusband.RecipesUITests;
				PRODUCT_NAME = "$(TARGET_NAME)";
				TEST_TARGET_NAME = Recipes;
			};
			name = Release;
		};
/* End XCBuildConfiguration section */

/* Begin XCConfigurationList section */
		734EF6091CB0BFE600B22B77 /* Build configuration list for PBXProject "Recipes" */ = {
			isa = XCConfigurationList;
			buildConfigurations = (
				734EF6371CB0BFE600B22B77 /* Debug */,
				734EF6381CB0BFE600B22B77 /* Release */,
			);
			defaultConfigurationIsVisible = 0;
			defaultConfigurationName = Release;
		};
		734EF6391CB0BFE600B22B77 /* Build configuration list for PBXNativeTarget "Recipes" */ = {
			isa = XCConfigurationList;
			buildConfigurations = (
				734EF63A1CB0BFE600B22B77 /* Debug */,
				734EF63B1CB0BFE600B22B77 /* Release */,
			);
			defaultConfigurationIsVisible = 0;
		};
		734EF63C1CB0BFE600B22B77 /* Build configuration list for PBXNativeTarget "RecipesTests" */ = {
			isa = XCConfigurationList;
			buildConfigurations = (
				734EF63D1CB0BFE600B22B77 /* Debug */,
				734EF63E1CB0BFE600B22B77 /* Release */,
			);
			defaultConfigurationIsVisible = 0;
		};
		734EF63F1CB0BFE600B22B77 /* Build configuration list for PBXNativeTarget "RecipesUITests" */ = {
			isa = XCConfigurationList;
			buildConfigurations = (
				734EF6401CB0BFE600B22B77 /* Debug */,
				734EF6411CB0BFE600B22B77 /* Release */,
			);
			defaultConfigurationIsVisible = 0;
		};
/* End XCConfigurationList section */

/* Begin XCVersionGroup section */
		734EF6181CB0BFE600B22B77 /* Recipes.xcdatamodeld */ = {
			isa = XCVersionGroup;
			children = (
				734EF6191CB0BFE600B22B77 /* Recipes.xcdatamodel */,
			);
			currentVersion = 734EF6191CB0BFE600B22B77 /* Recipes.xcdatamodel */;
			path = Recipes.xcdatamodeld;
			sourceTree = "<group>";
			versionGroupType = wrapper.xcdatamodel;
		};
/* End XCVersionGroup section */
	};
	rootObject = 734EF6061CB0BFE600B22B77 /* Project object */;
}
